
Microsoft Visual Studio Solution File, Format Version 12.00
# Visual Studio Version 17
VisualStudioVersion = 17.6.33723.286
MinimumVisualStudioVersion = 10.0.40219.1
Project("{FAE04EC0-301F-11D3-BF4B-00C04F79EFBC}") = "Mdoau8Eats.UWP", "Mdoau8Eats\Mdoau8Eats.UWP\Mdoau8Eats.UWP.csproj", "{FA8EC6E1-0BBB-4A1A-B035-E3FA19D28327}"
EndProject
Project("{FAE04EC0-301F-11D3-BF4B-00C04F79EFBC}") = "Mdoau8Eats", "Mdoau8Eats\Mdoau8Eats\Mdoau8Eats.csproj", "{E095A7DA-0887-46AB-B7E3-B8372A424CB9}"
EndProject
Global
	GlobalSection(SolutionConfigurationPlatforms) = preSolution
		Debug|Any CPU = Debug|Any CPU
		Debug|ARM = Debug|ARM
		Debug|x64 = Debug|x64
		Debug|x86 = Debug|x86
		Release|Any CPU = Release|Any CPU
		Release|ARM = Release|ARM
		Release|x64 = Release|x64
		Release|x86 = Release|x86
	EndGlobalSection
	GlobalSection(ProjectConfigurationPlatforms) = postSolution
		{FA8EC6E1-0BBB-4A1A-B035-E3FA19D28327}.Debug|Any CPU.ActiveCfg = Debug|x64
		{FA8EC6E1-0BBB-4A1A-B035-E3FA19D28327}.Debug|Any CPU.Build.0 = Debug|x64
		{FA8EC6E1-0BBB-4A1A-B035-E3FA19D28327}.Debug|Any CPU.Deploy.0 = Debug|x64
		{FA8EC6E1-0BBB-4A1A-B035-E3FA19D28327}.Debug|ARM.ActiveCfg = Debug|ARM
		{FA8EC6E1-0BBB-4A1A-B035-E3FA19D28327}.Debug|ARM.Build.0 = Debug|ARM
		{FA8EC6E1-0BBB-4A1A-B035-E3FA19D28327}.Debug|ARM.Deploy.0 = Debug|ARM
		{FA8EC6E1-0BBB-4A1A-B035-E3FA19D28327}.Debug|x64.ActiveCfg = Debug|x64
		{FA8EC6E1-0BBB-4A1A-B035-E3FA19D28327}.Debug|x64.Build.0 = Debug|x64
		{FA8EC6E1-0BBB-4A1A-B035-E3FA19D28327}.Debug|x64.Deploy.0 = Debug|x64
		{FA8EC6E1-0BBB-4A1A-B035-E3FA19D28327}.Debug|x86.ActiveCfg = Debug|x86
		{FA8EC6E1-0BBB-4A1A-B035-E3FA19D28327}.Debug|x86.Build.0 = Debug|x86
		{FA8EC6E1-0BBB-4A1A-B035-E3FA19D28327}.Debug|x86.Deploy.0 = Debug|x86
		{FA8EC6E1-0BBB-4A1A-B035-E3FA19D28327}.Release|Any CPU.ActiveCfg = Release|x64
		{FA8EC6E1-0BBB-4A1A-B035-E3FA19D28327}.Release|Any CPU.Build.0 = Release|x64
		{FA8EC6E1-0BBB-4A1A-B035-E3FA19D28327}.Release|Any CPU.Deploy.0 = Release|x64
		{FA8EC6E1-0BBB-4A1A-B035-E3FA19D28327}.Release|ARM.ActiveCfg = Release|ARM
		{FA8EC6E1-0BBB-4A1A-B035-E3FA19D28327}.Release|ARM.Build.0 = Release|ARM
		{FA8EC6E1-0BBB-4A1A-B035-E3FA19D28327}.Release|ARM.Deploy.0 = Release|ARM
		{FA8EC6E1-0BBB-4A1A-B035-E3FA19D28327}.Release|x64.ActiveCfg = Release|x64
		{FA8EC6E1-0BBB-4A1A-B035-E3FA19D28327}.Release|x64.Build.0 = Release|x64
		{FA8EC6E1-0BBB-4A1A-B035-E3FA19D28327}.Release|x64.Deploy.0 = Release|x64
		{FA8EC6E1-0BBB-4A1A-B035-E3FA19D28327}.Release|x86.ActiveCfg = Release|x86
		{FA8EC6E1-0BBB-4A1A-B035-E3FA19D28327}.Release|x86.Build.0 = Release|x86
		{FA8EC6E1-0BBB-4A1A-B035-E3FA19D28327}.Release|x86.Deploy.0 = Release|x86
		{E095A7DA-0887-46AB-B7E3-B8372A424CB9}.Debug|Any CPU.ActiveCfg = Debug|Any CPU
		{E095A7DA-0887-46AB-B7E3-B8372A424CB9}.Debug|Any CPU.Build.0 = Debug|Any CPU
		{E095A7DA-0887-46AB-B7E3-B8372A424CB9}.Debug|Any CPU.Deploy.0 = Debug|Any CPU
		{E095A7DA-0887-46AB-B7E3-B8372A424CB9}.Debug|ARM.ActiveCfg = Debug|Any CPU
		{E095A7DA-0887-46AB-B7E3-B8372A424CB9}.Debug|ARM.Build.0 = Debug|Any CPU
		{E095A7DA-0887-46AB-B7E3-B8372A424CB9}.Debug|ARM.Deploy.0 = Debug|Any CPU
		{E095A7DA-0887-46AB-B7E3-B8372A424CB9}.Debug|x64.ActiveCfg = Debug|Any CPU
		{E095A7DA-0887-46AB-B7E3-B8372A424CB9}.Debug|x64.Build.0 = Debug|Any CPU
		{E095A7DA-0887-46AB-B7E3-B8372A424CB9}.Debug|x64.Deploy.0 = Debug|Any CPU
		{E095A7DA-0887-46AB-B7E3-B8372A424CB9}.Debug|x86.ActiveCfg = Debug|Any CPU
		{E095A7DA-0887-46AB-B7E3-B8372A424CB9}.Debug|x86.Build.0 = Debug|Any CPU
		{E095A7DA-0887-46AB-B7E3-B8372A424CB9}.Debug|x86.Deploy.0 = Debug|Any CPU
		{E095A7DA-0887-46AB-B7E3-B8372A424CB9}.Release|Any CPU.ActiveCfg = Release|Any CPU
		{E095A7DA-0887-46AB-B7E3-B8372A424CB9}.Release|Any CPU.Build.0 = Release|Any CPU
		{E095A7DA-0887-46AB-B7E3-B8372A424CB9}.Release|Any CPU.Deploy.0 = Release|Any CPU
		{E095A7DA-0887-46AB-B7E3-B8372A424CB9}.Release|ARM.ActiveCfg = Release|Any CPU
		{E095A7DA-0887-46AB-B7E3-B8372A424CB9}.Release|ARM.Build.0 = Release|Any CPU
		{E095A7DA-0887-46AB-B7E3-B8372A424CB9}.Release|ARM.Deploy.0 = Release|Any CPU
		{E095A7DA-0887-46AB-B7E3-B8372A424CB9}.Release|x64.ActiveCfg = Release|Any CPU
		{E095A7DA-0887-46AB-B7E3-B8372A424CB9}.Release|x64.Build.0 = Release|Any CPU
		{E095A7DA-0887-46AB-B7E3-B8372A424CB9}.Release|x64.Deploy.0 = Release|Any CPU
		{E095A7DA-0887-46AB-B7E3-B8372A424CB9}.Release|x86.ActiveCfg = Release|Any CPU
		{E095A7DA-0887-46AB-B7E3-B8372A424CB9}.Release|x86.Build.0 = Release|Any CPU
		{E095A7DA-0887-46AB-B7E3-B8372A424CB9}.Release|x86.Deploy.0 = Release|Any CPU
	EndGlobalSection
	GlobalSection(SolutionProperties) = preSolution
		HideSolutionNode = FALSE
	EndGlobalSection
	GlobalSection(ExtensibilityGlobals) = postSolution
		SolutionGuid = {EEBFB2EA-BD90-4A81-BACD-049B332D42A7}
	EndGlobalSection
EndGlobal
